
Microsoft Visual Studio Solution File, Format Version 12.00
# Visual Studio Version 16
VisualStudioVersion = 16.0.31613.86
MinimumVisualStudioVersion = 10.0.40219.1
Project("{9A19103F-16F7-4668-BE54-9A1E7A4F7556}") = "FutureValue", "FutureValue\FutureValue.csproj", "{1C3767A2-B0A5-4C23-B2BF-EB4B36AB33E2}"
EndProject
Global
	GlobalSection(SolutionConfigurationPlatforms) = preSolution
		Debug|Any CPU = Debug|Any CPU
		Release|Any CPU = Release|Any CPU
	EndGlobalSection
	GlobalSection(ProjectConfigurationPlatforms) = postSolution
		{1C3767A2-B0A5-4C23-B2BF-EB4B36AB33E2}.Debug|Any CPU.ActiveCfg = Debug|Any CPU
		{1C3767A2-B0A5-4C23-B2BF-EB4B36AB33E2}.Debug|Any CPU.Build.0 = Debug|Any CPU
		{1C3767A2-B0A5-4C23-B2BF-EB4B36AB33E2}.Release|Any CPU.ActiveCfg = Release|Any CPU
		{1C3767A2-B0A5-4C23-B2BF-EB4B36AB33E2}.Release|Any CPU.Build.0 = Release|Any CPU
	EndGlobalSection
	GlobalSection(SolutionProperties) = preSolution
		HideSolutionNode = FALSE
	EndGlobalSection
	GlobalSection(ExtensibilityGlobals) = postSolution
		SolutionGuid = {2CCAAF0D-7656-4CED-83AF-09D7CE44DF77}
	EndGlobalSection
EndGlobal
